PODS:
  - Capacitor (0.0.113):
    - CapacitorCordova (= 0.0.113)
    - GCDWebServer (~> 3.0)
  - CapacitorCordova (0.0.113)
  - GCDWebServer (3.5.2):
    - GCDWebServer/Core (= 3.5.2)
  - GCDWebServer/Core (3.5.2)
  - TwitterCore (3.2.0)
  - TwitterKit (3.4.2):
    - TwitterCore (>= 3.2.0)

DEPENDENCIES:
  - Capacitor
  - TwitterKit

SPEC REPOS:
  https://github.com/cocoapods/specs.git:
    - Capacitor
    - CapacitorCordova
    - GCDWebServer
    - TwitterCore
    - TwitterKit

SPEC CHECKSUMS:
  Capacitor: b37060b0b2685257bedbc69e49a54a74ef30fb9a
  CapacitorCordova: a923a32bc7ad5f1f3d69664ca86ff69580343ed3
  GCDWebServer: ead88cd14596dd4eae4f5830b8877c87c8728990
  TwitterCore: 8cbc9ad34d91c63a0035ea05bfbfc0d7ca72a28c
  TwitterKit: 5e4f41d70b9abdb41df5467f52d7aa2c0fd26ebb

PODFILE CHECKSUM: 09f0a418f46524e89834cb537fc15da676d13822

COCOAPODS: 1.5.3
